// !$*UTF8*$!
{
	archiveVersion = 1;
	classes = {
	};
	objectVersion = 70;
	objects = {

/* Begin PBXBuildFile section */
		5327D2E6287C6CC300F76ADF /* Popovers in Frameworks */ = {isa = PBXBuildFile; productRef = 5327D2E5287C6CC300F76ADF /* Popovers */; };
		5328588B29B502C400CB64D0 /* Localizable.strings in Resources */ = {isa = PBXBuildFile; fileRef = 5328588929B4F8D500CB64D0 /* Localizable.strings */; };
		533A38F42AA49E5900F66957 /* Alamofire in Frameworks */ = {isa = PBXBuildFile; productRef = 533A38F32AA49E5900F66957 /* Alamofire */; };
		53423C5D29B9B37F000CB54F /* Localizable.stringsdict in Resources */ = {isa = PBXBuildFile; fileRef = 53423C6229B9B37F000CB54F /* Localizable.stringsdict */; };
		5383D85E287D9A0100D1B9BA /* CloudKit.framework in Frameworks */ = {isa = PBXBuildFile; fileRef = 5383D85D287D9A0100D1B9BA /* CloudKit.framework */; };
		538D10752A5AB7E7008F1AFB /* IsScrolling in Frameworks */ = {isa = PBXBuildFile; productRef = 538D10742A5AB7E7008F1AFB /* IsScrolling */; };
		53A4148028B7DA4C008C30E7 /* ConfettiSwiftUI in Frameworks */ = {isa = PBXBuildFile; productRef = 53A4147F28B7DA4C008C30E7 /* ConfettiSwiftUI */; };
		53B1D1A8289A60D500E28062 /* CrookedText in Frameworks */ = {isa = PBXBuildFile; productRef = 53B1D1A7289A60D500E28062 /* CrookedText */; };
		53DCFAA12A498FBF0063FCDE /* CloudKitSyncMonitor in Frameworks */ = {isa = PBXBuildFile; productRef = 53DCFAA02A498FBF0063FCDE /* CloudKitSyncMonitor */; };
		D6A4DE202D61744400F7F751 /* SwiftUIIntrospect in Frameworks */ = {isa = PBXBuildFile; productRef = D6A4DE1F2D61744400F7F751 /* SwiftUIIntrospect */; };
		D6A4DE242D61744400F7F751 /* SwiftUIIntrospect-Static in Frameworks */ = {isa = PBXBuildFile; productRef = D6A4DE232D61744400F7F751 /* SwiftUIIntrospect-Static */; };
/* End PBXBuildFile section */

/* Begin PBXCopyFilesBuildPhase section */
		53B1D19B288ED87000E28062 /* Embed Foundation Extensions */ = {
			isa = PBXCopyFilesBuildPhase;
			buildActionMask = 2147483647;
			dstPath = "";
			dstSubfolderSpec = 13;
			files = (
			);
			name = "Embed Foundation Extensions";
			runOnlyForDeploymentPostprocessing = 0;
		};
		D6A4DE1B2D6153C200F7F751 /* Embed Frameworks */ = {
			isa = PBXCopyFilesBuildPhase;
			buildActionMask = 2147483647;
			dstPath = "";
			dstSubfolderSpec = 10;
			files = (
			);
			name = "Embed Frameworks";
			runOnlyForDeploymentPostprocessing = 0;
		};
/* End PBXCopyFilesBuildPhase section */

/* Begin PBXFileReference section */
		5313EC5C28ACE941000EAB0C /* Intents.framework */ = {isa = PBXFileReference; lastKnownFileType = wrapper.framework; name = Intents.framework; path = System/Library/Frameworks/Intents.framework; sourceTree = SDKROOT; };
		5313EC6728ACE941000EAB0C /* IntentsUI.framework */ = {isa = PBXFileReference; lastKnownFileType = wrapper.framework; name = IntentsUI.framework; path = System/Library/Frameworks/IntentsUI.framework; sourceTree = SDKROOT; };
		5327D283287C697400F76ADF /* dime.app */ = {isa = PBXFileReference; explicitFileType = wrapper.application; includeInIndex = 0; path = dime.app; sourceTree = BUILT_PRODUCTS_DIR; };
		5328588829B4F8D500CB64D0 /* en */ = {isa = PBXFileReference; lastKnownFileType = text.plist.strings; name = en; path = en.lproj/Localizable.strings; sourceTree = "<group>"; };
		53423C6329B9B3AC000CB54F /* en */ = {isa = PBXFileReference; lastKnownFileType = text.plist.stringsdict; name = en; path = en.lproj/Localizable.stringsdict; sourceTree = "<group>"; };
		5383D85D287D9A0100D1B9BA /* CloudKit.framework */ = {isa = PBXFileReference; lastKnownFileType = wrapper.framework; name = CloudKit.framework; path = System/Library/Frameworks/CloudKit.framework; sourceTree = SDKROOT; };
		53B1D18B288ED7E400E28062 /* WidgetKit.framework */ = {isa = PBXFileReference; lastKnownFileType = wrapper.framework; name = WidgetKit.framework; path = System/Library/Frameworks/WidgetKit.framework; sourceTree = SDKROOT; };
		53B1D18D288ED7E500E28062 /* SwiftUI.framework */ = {isa = PBXFileReference; lastKnownFileType = wrapper.framework; name = SwiftUI.framework; path = System/Library/Frameworks/SwiftUI.framework; sourceTree = SDKROOT; };
/* End PBXFileReference section */

/* Begin PBXFileSystemSynchronizedBuildFileExceptionSet section */
		093E0A292D6E3EDC00468B34 /* PBXFileSystemSynchronizedBuildFileExceptionSet */ = {
			isa = PBXFileSystemSynchronizedBuildFileExceptionSet;
			membershipExceptions = (
				Info.plist,
			);
			target = 5327D282287C697400F76ADF /* dime */;
		};
/* End PBXFileSystemSynchronizedBuildFileExceptionSet section */

/* Begin PBXFileSystemSynchronizedRootGroup section */
		093E09B42D6E3EDC00468B34 /* dime */ = {isa = PBXFileSystemSynchronizedRootGroup; exceptions = (093E0A292D6E3EDC00468B34 /* PBXFileSystemSynchronizedBuildFileExceptionSet */, ); explicitFileTypes = {}; explicitFolders = (); path = dime; sourceTree = "<group>"; };
/* End PBXFileSystemSynchronizedRootGroup section */

/* Begin PBXFrameworksBuildPhase section */
		5327D280287C697400F76ADF /* Frameworks */ = {
			isa = PBXFrameworksBuildPhase;
			buildActionMask = 2147483647;
			files = (
				D6A4DE242D61744400F7F751 /* SwiftUIIntrospect-Static in Frameworks */,
				D6A4DE202D61744400F7F751 /* SwiftUIIntrospect in Frameworks */,
				53A4148028B7DA4C008C30E7 /* ConfettiSwiftUI in Frameworks */,
				5383D85E287D9A0100D1B9BA /* CloudKit.framework in Frameworks */,
				53DCFAA12A498FBF0063FCDE /* CloudKitSyncMonitor in Frameworks */,
				5327D2E6287C6CC300F76ADF /* Popovers in Frameworks */,
				538D10752A5AB7E7008F1AFB /* IsScrolling in Frameworks */,
				533A38F42AA49E5900F66957 /* Alamofire in Frameworks */,
				53B1D1A8289A60D500E28062 /* CrookedText in Frameworks */,
			);
			runOnlyForDeploymentPostprocessing = 0;
		};
/* End PBXFrameworksBuildPhase section */

/* Begin PBXGroup section */
		5327D27A287C697400F76ADF = {
			isa = PBXGroup;
			children = (
				5328588929B4F8D500CB64D0 /* Localizable.strings */,
				53423C6229B9B37F000CB54F /* Localizable.stringsdict */,
				093E09B42D6E3EDC00468B34 /* dime */,
				5327D284287C697400F76ADF /* Products */,
				5383D85C287D9A0100D1B9BA /* Frameworks */,
			);
			sourceTree = "<group>";
		};
		5327D284287C697400F76ADF /* Products */ = {
			isa = PBXGroup;
			children = (
				5327D283287C697400F76ADF /* dime.app */,
			);
			name = Products;
			sourceTree = "<group>";
		};
		5383D85C287D9A0100D1B9BA /* Frameworks */ = {
			isa = PBXGroup;
			children = (
				5383D85D287D9A0100D1B9BA /* CloudKit.framework */,
				53B1D18B288ED7E400E28062 /* WidgetKit.framework */,
				53B1D18D288ED7E500E28062 /* SwiftUI.framework */,
				5313EC5C28ACE941000EAB0C /* Intents.framework */,
				5313EC6728ACE941000EAB0C /* IntentsUI.framework */,
			);
			name = Frameworks;
			sourceTree = "<group>";
		};
/* End PBXGroup section */

/* Begin PBXNativeTarget section */
		5327D282287C697400F76ADF /* dime */ = {
			isa = PBXNativeTarget;
			buildConfigurationList = 5327D291287C697C00F76ADF /* Build configuration list for PBXNativeTarget "dime" */;
			buildPhases = (
				5327D27F287C697400F76ADF /* Sources */,
				5327D280287C697400F76ADF /* Frameworks */,
				5327D281287C697400F76ADF /* Resources */,
				53B1D19B288ED87000E28062 /* Embed Foundation Extensions */,
				AE22D66A2AE62F4700F0A4F9 /* Run Script */,
				D6A4DE1B2D6153C200F7F751 /* Embed Frameworks */,
			);
			buildRules = (
			);
			dependencies = (
			);
			fileSystemSynchronizedGroups = (
				093E09B42D6E3EDC00468B34 /* dime */,
			);
			name = dime;
			packageProductDependencies = (
				5327D2E5287C6CC300F76ADF /* Popovers */,
				53B1D1A7289A60D500E28062 /* CrookedText */,
				53A4147F28B7DA4C008C30E7 /* ConfettiSwiftUI */,
				53DCFAA02A498FBF0063FCDE /* CloudKitSyncMonitor */,
				538D10742A5AB7E7008F1AFB /* IsScrolling */,
				533A38F32AA49E5900F66957 /* Alamofire */,
				D6A4DE1F2D61744400F7F751 /* SwiftUIIntrospect */,
				D6A4DE232D61744400F7F751 /* SwiftUIIntrospect-Static */,
			);
			productName = dime;
			productReference = 5327D283287C697400F76ADF /* dime.app */;
			productType = "com.apple.product-type.application";
		};
/* End PBXNativeTarget section */

/* Begin PBXProject section */
		5327D27B287C697400F76ADF /* Project object */ = {
			isa = PBXProject;
			attributes = {
				BuildIndependentTargetsInParallel = 1;
				LastSwiftUpdateCheck = 1340;
				LastUpgradeCheck = 1400;
				TargetAttributes = {
					5327D282287C697400F76ADF = {
						CreatedOnToolsVersion = 14.0;
					};
				};
			};
			buildConfigurationList = 5327D27E287C697400F76ADF /* Build configuration list for PBXProject "dime" */;
			compatibilityVersion = "Xcode 13.0";
			developmentRegion = en;
			hasScannedForEncodings = 0;
			knownRegions = (
				en,
				Base,
				fr,
				ru,
				tr,
			);
			mainGroup = 5327D27A287C697400F76ADF;
			packageReferences = (
				5327D2E4287C6CC300F76ADF /* XCRemoteSwiftPackageReference "Popovers" */,
				53B1D1A6289A60D500E28062 /* XCRemoteSwiftPackageReference "CrookedText" */,
				53A4147E28B7DA4C008C30E7 /* XCRemoteSwiftPackageReference "ConfettiSwiftUI" */,
				53DCFA9F2A498FBF0063FCDE /* XCRemoteSwiftPackageReference "CloudKitSyncMonitor" */,
				538D10732A5AB7E7008F1AFB /* XCRemoteSwiftPackageReference "IsScrolling" */,
				533A38F22AA49E0100F66957 /* XCRemoteSwiftPackageReference "Alamofire" */,
				D6A4DE1E2D61744400F7F751 /* XCRemoteSwiftPackageReference "SwiftUI-Introspect" */,
			);
			productRefGroup = 5327D284287C697400F76ADF /* Products */;
			projectDirPath = "";
			projectRoot = "";
			targets = (
				5327D282287C697400F76ADF /* dime */,
			);
		};
/* End PBXProject section */

/* Begin PBXResourcesBuildPhase section */
		5327D281287C697400F76ADF /* Resources */ = {
			isa = PBXResourcesBuildPhase;
			buildActionMask = 2147483647;
			files = (
				5328588B29B502C400CB64D0 /* Localizable.strings in Resources */,
				53423C5D29B9B37F000CB54F /* Localizable.stringsdict in Resources */,
			);
			runOnlyForDeploymentPostprocessing = 0;
		};
/* End PBXResourcesBuildPhase section */

/* Begin PBXShellScriptBuildPhase section */
		AE22D66A2AE62F4700F0A4F9 /* Run Script */ = {
			isa = PBXShellScriptBuildPhase;
			buildActionMask = 2147483647;
			files = (
			);
			inputFileListPaths = (
			);
			inputPaths = (
			);
			name = "Run Script";
			outputFileListPaths = (
			);
			outputPaths = (
			);
			runOnlyForDeploymentPostprocessing = 0;
			shellPath = /bin/sh;
			shellScript = "if which swiftlint >/dev/null; then\n  swiftlint --fix\nelse\n  echo \"warning: SwiftLint not installed, download from https://github.com/realm/SwiftLint\"\nfi\n";
		};
/* End PBXShellScriptBuildPhase section */

/* Begin PBXSourcesBuildPhase section */
		5327D27F287C697400F76ADF /* Sources */ = {
			isa = PBXSourcesBuildPhase;
			buildActionMask = 2147483647;
			files = (
			);
			runOnlyForDeploymentPostprocessing = 0;
		};
/* End PBXSourcesBuildPhase section */

/* Begin PBXVariantGroup section */
		5328588929B4F8D500CB64D0 /* Localizable.strings */ = {
			isa = PBXVariantGroup;
			children = (
				5328588829B4F8D500CB64D0 /* en */,
			);
			name = Localizable.strings;
			sourceTree = "<group>";
		};
		53423C6229B9B37F000CB54F /* Localizable.stringsdict */ = {
			isa = PBXVariantGroup;
			children = (
				53423C6329B9B3AC000CB54F /* en */,
			);
			name = Localizable.stringsdict;
			sourceTree = "<group>";
		};
/* End PBXVariantGroup section */

/* Begin XCBuildConfiguration section */
		5327D28F287C697C00F76ADF /* Debug */ = {
			isa = XCBuildConfiguration;
			buildSettings = {
				ALWAYS_SEARCH_USER_PATHS = NO;
				CLANG_ANALYZER_LOCALIZABILITY_NONLOCALIZED = YES;
				CLANG_ANALYZER_NONNULL = YES;
				CLANG_ANALYZER_NUMBER_OBJECT_CONVERSION = YES_AGGRESSIVE;
				CLANG_CXX_LANGUAGE_STANDARD = "gnu++17";
				CLANG_ENABLE_MODULES = YES;
				CLANG_ENABLE_OBJC_ARC = YES;
				CLANG_ENABLE_OBJC_WEAK = YES;
				CLANG_WARN_BLOCK_CAPTURE_AUTORELEASING = YES;
				CLANG_WARN_BOOL_CONVERSION = YES;
				CLANG_WARN_COMMA = YES;
				CLANG_WARN_CONSTANT_CONVERSION = YES;
				CLANG_WARN_DEPRECATED_OBJC_IMPLEMENTATIONS = YES;
				CLANG_WARN_DIRECT_OBJC_ISA_USAGE = YES_ERROR;
				CLANG_WARN_DOCUMENTATION_COMMENTS = YES;
				CLANG_WARN_EMPTY_BODY = YES;
				CLANG_WARN_ENUM_CONVERSION = YES;
				CLANG_WARN_INFINITE_RECURSION = YES;
				CLANG_WARN_INT_CONVERSION = YES;
				CLANG_WARN_NON_LITERAL_NULL_CONVERSION = YES;
				CLANG_WARN_OBJC_IMPLICIT_RETAIN_SELF = YES;
				CLANG_WARN_OBJC_LITERAL_CONVERSION = YES;
				CLANG_WARN_OBJC_ROOT_CLASS = YES_ERROR;
				CLANG_WARN_QUOTED_INCLUDE_IN_FRAMEWORK_HEADER = YES;
				CLANG_WARN_RANGE_LOOP_ANALYSIS = YES;
				CLANG_WARN_STRICT_PROTOTYPES = YES;
				CLANG_WARN_SUSPICIOUS_MOVE = YES;
				CLANG_WARN_UNGUARDED_AVAILABILITY = YES_AGGRESSIVE;
				CLANG_WARN_UNREACHABLE_CODE = YES;
				CLANG_WARN__DUPLICATE_METHOD_MATCH = YES;
				COPY_PHASE_STRIP = NO;
				DEBUG_INFORMATION_FORMAT = dwarf;
				ENABLE_STRICT_OBJC_MSGSEND = YES;
				ENABLE_TESTABILITY = YES;
				GCC_C_LANGUAGE_STANDARD = gnu11;
				GCC_DYNAMIC_NO_PIC = NO;
				GCC_NO_COMMON_BLOCKS = YES;
				GCC_OPTIMIZATION_LEVEL = 0;
				GCC_PREPROCESSOR_DEFINITIONS = (
					"DEBUG=1",
					"$(inherited)",
				);
				GCC_WARN_64_TO_32_BIT_CONVERSION = YES;
				GCC_WARN_ABOUT_RETURN_TYPE = YES_ERROR;
				GCC_WARN_UNDECLARED_SELECTOR = YES;
				GCC_WARN_UNINITIALIZED_AUTOS = YES_AGGRESSIVE;
				GCC_WARN_UNUSED_FUNCTION = YES;
				GCC_WARN_UNUSED_VARIABLE = YES;
				IPHONEOS_DEPLOYMENT_TARGET = 15.0;
				MTL_ENABLE_DEBUG_INFO = INCLUDE_SOURCE;
				MTL_FAST_MATH = YES;
				ONLY_ACTIVE_ARCH = YES;
				SDKROOT = iphoneos;
				SWIFT_ACTIVE_COMPILATION_CONDITIONS = DEBUG;
				SWIFT_OPTIMIZATION_LEVEL = "-Onone";
			};
			name = Debug;
		};
		5327D290287C697C00F76ADF /* Release */ = {
			isa = XCBuildConfiguration;
			buildSettings = {
				ALWAYS_SEARCH_USER_PATHS = NO;
				CLANG_ANALYZER_LOCALIZABILITY_NONLOCALIZED = YES;
				CLANG_ANALYZER_NONNULL = YES;
				CLANG_ANALYZER_NUMBER_OBJECT_CONVERSION = YES_AGGRESSIVE;
				CLANG_CXX_LANGUAGE_STANDARD = "gnu++17";
				CLANG_ENABLE_MODULES = YES;
				CLANG_ENABLE_OBJC_ARC = YES;
				CLANG_ENABLE_OBJC_WEAK = YES;
				CLANG_WARN_BLOCK_CAPTURE_AUTORELEASING = YES;
				CLANG_WARN_BOOL_CONVERSION = YES;
				CLANG_WARN_COMMA = YES;
				CLANG_WARN_CONSTANT_CONVERSION = YES;
				CLANG_WARN_DEPRECATED_OBJC_IMPLEMENTATIONS = YES;
				CLANG_WARN_DIRECT_OBJC_ISA_USAGE = YES_ERROR;
				CLANG_WARN_DOCUMENTATION_COMMENTS = YES;
				CLANG_WARN_EMPTY_BODY = YES;
				CLANG_WARN_ENUM_CONVERSION = YES;
				CLANG_WARN_INFINITE_RECURSION = YES;
				CLANG_WARN_INT_CONVERSION = YES;
				CLANG_WARN_NON_LITERAL_NULL_CONVERSION = YES;
				CLANG_WARN_OBJC_IMPLICIT_RETAIN_SELF = YES;
				CLANG_WARN_OBJC_LITERAL_CONVERSION = YES;
				CLANG_WARN_OBJC_ROOT_CLASS = YES_ERROR;
				CLANG_WARN_QUOTED_INCLUDE_IN_FRAMEWORK_HEADER = YES;
				CLANG_WARN_RANGE_LOOP_ANALYSIS = YES;
				CLANG_WARN_STRICT_PROTOTYPES = YES;
				CLANG_WARN_SUSPICIOUS_MOVE = YES;
				CLANG_WARN_UNGUARDED_AVAILABILITY = YES_AGGRESSIVE;
				CLANG_WARN_UNREACHABLE_CODE = YES;
				CLANG_WARN__DUPLICATE_METHOD_MATCH = YES;
				COPY_PHASE_STRIP = NO;
				DEBUG_INFORMATION_FORMAT = "dwarf-with-dsym";
				ENABLE_NS_ASSERTIONS = NO;
				ENABLE_STRICT_OBJC_MSGSEND = YES;
				GCC_C_LANGUAGE_STANDARD = gnu11;
				GCC_NO_COMMON_BLOCKS = YES;
				GCC_WARN_64_TO_32_BIT_CONVERSION = YES;
				GCC_WARN_ABOUT_RETURN_TYPE = YES_ERROR;
				GCC_WARN_UNDECLARED_SELECTOR = YES;
				GCC_WARN_UNINITIALIZED_AUTOS = YES_AGGRESSIVE;
				GCC_WARN_UNUSED_FUNCTION = YES;
				GCC_WARN_UNUSED_VARIABLE = YES;
				IPHONEOS_DEPLOYMENT_TARGET = 15.0;
				MTL_ENABLE_DEBUG_INFO = NO;
				MTL_FAST_MATH = YES;
				SDKROOT = iphoneos;
				SWIFT_COMPILATION_MODE = wholemodule;
				SWIFT_OPTIMIZATION_LEVEL = "-O";
				VALIDATE_PRODUCT = YES;
			};
			name = Release;
		};
		5327D292287C697C00F76ADF /* Debug */ = {
			isa = XCBuildConfiguration;
			buildSettings = {
				ALWAYS_EMBED_SWIFT_STANDARD_LIBRARIES = YES;
				ASSETCATALOG_COMPILER_ALTERNATE_APPICON_NAMES = "AppIcon4 AppIcon3 AppIcon2 AppIcon1";
				ASSETCATALOG_COMPILER_APPICON_NAME = AppIcon;
				ASSETCATALOG_COMPILER_GLOBAL_ACCENT_COLOR_NAME = AccentColor;
				ASSETCATALOG_COMPILER_INCLUDE_ALL_APPICON_ASSETS = YES;
				CODE_SIGN_ENTITLEMENTS = dime/dime.entitlements;
				CODE_SIGN_STYLE = Automatic;
				CURRENT_PROJECT_VERSION = 1;
				DEVELOPMENT_ASSET_PATHS = "\"dime/Preview Content\"";
				DEVELOPMENT_TEAM = 2BTJW8P5V6;
				ENABLE_PREVIEWS = YES;
				GENERATE_INFOPLIST_FILE = YES;
				INFOPLIST_FILE = dime/Info.plist;
				INFOPLIST_KEY_CFBundleDisplayName = Dime;
				INFOPLIST_KEY_NSFaceIDUsageDescription = "We need to unlock your data.";
				INFOPLIST_KEY_NSPhotoLibraryAddUsageDescription = "Save an image of a transaction for sharing.";
				INFOPLIST_KEY_UIApplicationSceneManifest_Generation = YES;
				INFOPLIST_KEY_UIApplicationSupportsIndirectInputEvents = YES;
				INFOPLIST_KEY_UILaunchScreen_Generation = YES;
				INFOPLIST_KEY_UISupportedInterfaceOrientations = UIInterfaceOrientationPortrait;
				INFOPLIST_KEY_UISupportedInterfaceOrientations_iPad = "UIInterfaceOrientationLandscapeLeft UIInterfaceOrientationLandscapeRight UIInterfaceOrientationPortraitUpsideDown";
				LD_RUNPATH_SEARCH_PATHS = (
					"$(inherited)",
					"@executable_path/Frameworks",
				);
				MARKETING_VERSION = 2.1.4;
				PRODUCT_BUNDLE_IDENTIFIER = com.projecta.lira;
				PRODUCT_NAME = "$(TARGET_NAME)";
				SUPPORTED_PLATFORMS = "iphoneos iphonesimulator";
				SUPPORTS_MACCATALYST = NO;
				SUPPORTS_MAC_DESIGNED_FOR_IPHONE_IPAD = NO;
				SUPPORTS_XR_DESIGNED_FOR_IPHONE_IPAD = NO;
				SWIFT_EMIT_LOC_STRINGS = YES;
				SWIFT_VERSION = 5.0;
				TARGETED_DEVICE_FAMILY = 1;
			};
			name = Debug;
		};
		5327D293287C697C00F76ADF /* Release */ = {
			isa = XCBuildConfiguration;
			buildSettings = {
				ALWAYS_EMBED_SWIFT_STANDARD_LIBRARIES = YES;
				ASSETCATALOG_COMPILER_ALTERNATE_APPICON_NAMES = "AppIcon4 AppIcon3 AppIcon2 AppIcon1";
				ASSETCATALOG_COMPILER_APPICON_NAME = AppIcon;
				ASSETCATALOG_COMPILER_GLOBAL_ACCENT_COLOR_NAME = AccentColor;
				ASSETCATALOG_COMPILER_INCLUDE_ALL_APPICON_ASSETS = YES;
				CODE_SIGN_ENTITLEMENTS = dime/dime.entitlements;
				CODE_SIGN_STYLE = Automatic;
				CURRENT_PROJECT_VERSION = 1;
				DEVELOPMENT_ASSET_PATHS = "\"dime/Preview Content\"";
				DEVELOPMENT_TEAM = 2BTJW8P5V6;
				ENABLE_PREVIEWS = YES;
				GENERATE_INFOPLIST_FILE = YES;
				INFOPLIST_FILE = dime/Info.plist;
				INFOPLIST_KEY_CFBundleDisplayName = Dime;
				INFOPLIST_KEY_NSFaceIDUsageDescription = "We need to unlock your data.";
				INFOPLIST_KEY_NSPhotoLibraryAddUsageDescription = "Save an image of a transaction for sharing.";
				INFOPLIST_KEY_UIApplicationSceneManifest_Generation = YES;
				INFOPLIST_KEY_UIApplicationSupportsIndirectInputEvents = YES;
				INFOPLIST_KEY_UILaunchScreen_Generation = YES;
				INFOPLIST_KEY_UISupportedInterfaceOrientations = UIInterfaceOrientationPortrait;
				INFOPLIST_KEY_UISupportedInterfaceOrientations_iPad = "UIInterfaceOrientationLandscapeLeft UIInterfaceOrientationLandscapeRight UIInterfaceOrientationPortraitUpsideDown";
				LD_RUNPATH_SEARCH_PATHS = (
					"$(inherited)",
					"@executable_path/Frameworks",
				);
				MARKETING_VERSION = 2.1.4;
				PRODUCT_BUNDLE_IDENTIFIER = com.projecta.lira;
				PRODUCT_NAME = "$(TARGET_NAME)";
				SUPPORTED_PLATFORMS = "iphoneos iphonesimulator";
				SUPPORTS_MACCATALYST = NO;
				SUPPORTS_MAC_DESIGNED_FOR_IPHONE_IPAD = NO;
				SUPPORTS_XR_DESIGNED_FOR_IPHONE_IPAD = NO;
				SWIFT_EMIT_LOC_STRINGS = YES;
				SWIFT_VERSION = 5.0;
				TARGETED_DEVICE_FAMILY = 1;
			};
			name = Release;
		};
/* End XCBuildConfiguration section */

/* Begin XCConfigurationList section */
		5327D27E287C697400F76ADF /* Build configuration list for PBXProject "dime" */ = {
			isa = XCConfigurationList;
			buildConfigurations = (
				5327D28F287C697C00F76ADF /* Debug */,
				5327D290287C697C00F76ADF /* Release */,
			);
			defaultConfigurationIsVisible = 0;
			defaultConfigurationName = Release;
		};
		5327D291287C697C00F76ADF /* Build configuration list for PBXNativeTarget "dime" */ = {
			isa = XCConfigurationList;
			buildConfigurations = (
				5327D292287C697C00F76ADF /* Debug */,
				5327D293287C697C00F76ADF /* Release */,
			);
			defaultConfigurationIsVisible = 0;
			defaultConfigurationName = Release;
		};
/* End XCConfigurationList section */

/* Begin XCRemoteSwiftPackageReference section */
		5327D2E4287C6CC300F76ADF /* XCRemoteSwiftPackageReference "Popovers" */ = {
			isa = XCRemoteSwiftPackageReference;
			repositoryURL = "https://github.com/aheze/Popovers";
			requirement = {
				kind = upToNextMajorVersion;
				minimumVersion = 1.0.0;
			};
		};
		533A38F22AA49E0100F66957 /* XCRemoteSwiftPackageReference "Alamofire" */ = {
			isa = XCRemoteSwiftPackageReference;
			repositoryURL = "https://github.com/Alamofire/Alamofire";
			requirement = {
				kind = upToNextMajorVersion;
				minimumVersion = 5.8.0;
			};
		};
		538D10732A5AB7E7008F1AFB /* XCRemoteSwiftPackageReference "IsScrolling" */ = {
			isa = XCRemoteSwiftPackageReference;
			repositoryURL = "https://github.com/fatbobman/IsScrolling.git";
			requirement = {
				kind = upToNextMajorVersion;
				minimumVersion = 1.1.2;
			};
		};
		53A4147E28B7DA4C008C30E7 /* XCRemoteSwiftPackageReference "ConfettiSwiftUI" */ = {
			isa = XCRemoteSwiftPackageReference;
			repositoryURL = "https://github.com/simibac/ConfettiSwiftUI";
			requirement = {
				kind = upToNextMajorVersion;
				minimumVersion = 1.0.0;
			};
		};
		53B1D1A6289A60D500E28062 /* XCRemoteSwiftPackageReference "CrookedText" */ = {
			isa = XCRemoteSwiftPackageReference;
			repositoryURL = "https://github.com/duemunk/CrookedText";
			requirement = {
				kind = upToNextMajorVersion;
				minimumVersion = 0.0.1;
			};
		};
		53DCFA9F2A498FBF0063FCDE /* XCRemoteSwiftPackageReference "CloudKitSyncMonitor" */ = {
			isa = XCRemoteSwiftPackageReference;
			repositoryURL = "https://github.com/ggruen/CloudKitSyncMonitor.git";
			requirement = {
				kind = upToNextMajorVersion;
				minimumVersion = 1.2.1;
			};
		};
		D6A4DE1E2D61744400F7F751 /* XCRemoteSwiftPackageReference "SwiftUI-Introspect" */ = {
			isa = XCRemoteSwiftPackageReference;
			repositoryURL = "https://github.com/siteline/SwiftUI-Introspect";
			requirement = {
				kind = upToNextMajorVersion;
				minimumVersion = 1.0.0;
			};
		};
/* End XCRemoteSwiftPackageReference section */

/* Begin XCSwiftPackageProductDependency section */
		5327D2E5287C6CC300F76ADF /* Popovers */ = {
			isa = XCSwiftPackageProductDependency;
			package = 5327D2E4287C6CC300F76ADF /* XCRemoteSwiftPackageReference "Popovers" */;
			productName = Popovers;
		};
		533A38F32AA49E5900F66957 /* Alamofire */ = {
			isa = XCSwiftPackageProductDependency;
			package = 533A38F22AA49E0100F66957 /* XCRemoteSwiftPackageReference "Alamofire" */;
			productName = Alamofire;
		};
		538D10742A5AB7E7008F1AFB /* IsScrolling */ = {
			isa = XCSwiftPackageProductDependency;
			package = 538D10732A5AB7E7008F1AFB /* XCRemoteSwiftPackageReference "IsScrolling" */;
			productName = IsScrolling;
		};
		53A4147F28B7DA4C008C30E7 /* ConfettiSwiftUI */ = {
			isa = XCSwiftPackageProductDependency;
			package = 53A4147E28B7DA4C008C30E7 /* XCRemoteSwiftPackageReference "ConfettiSwiftUI" */;
			productName = ConfettiSwiftUI;
		};
		53B1D1A7289A60D500E28062 /* CrookedText */ = {
			isa = XCSwiftPackageProductDependency;
			package = 53B1D1A6289A60D500E28062 /* XCRemoteSwiftPackageReference "CrookedText" */;
			productName = CrookedText;
		};
		53DCFAA02A498FBF0063FCDE /* CloudKitSyncMonitor */ = {
			isa = XCSwiftPackageProductDependency;
			package = 53DCFA9F2A498FBF0063FCDE /* XCRemoteSwiftPackageReference "CloudKitSyncMonitor" */;
			productName = CloudKitSyncMonitor;
		};
		D6A4DE1F2D61744400F7F751 /* SwiftUIIntrospect */ = {
			isa = XCSwiftPackageProductDependency;
			package = D6A4DE1E2D61744400F7F751 /* XCRemoteSwiftPackageReference "SwiftUI-Introspect" */;
			productName = SwiftUIIntrospect;
		};
		D6A4DE232D61744400F7F751 /* SwiftUIIntrospect-Static */ = {
			isa = XCSwiftPackageProductDependency;
			package = D6A4DE1E2D61744400F7F751 /* XCRemoteSwiftPackageReference "SwiftUI-Introspect" */;
			productName = "SwiftUIIntrospect-Static";
		};
/* End XCSwiftPackageProductDependency section */
	};
	rootObject = 5327D27B287C697400F76ADF /* Project object */;
}
